github.com/codemodify/systemkit-logging v1.7.9 h1:cGJu0WSQ8IpBHT/VaiDBvulGtQxY6DE1OpQAeVb9Sr4=
github.com/codemodify/systemkit-logging v1.7.9/go.mod h1:29Zc9P/MnY2bgenJU9aoDszUef+Xf40b3ajtusTBC1Q=
github.com/codemodify/systemkit-logging-advanced v1.7.9 h1:GMQj81xJlXf8TU+qj04lYtcQXJI6d8DEtPlQFPpTNEo=
github.com/codemodify/systemkit-logging-advanced v1.7.9/go.mod h1:OoihV5VNngcZ0CHg+Q2qzEcSFehKwZnoXFk6G+FwOyg=
github.com/codemodify/systemkit-logging-extenders-withfields v1.7.9 h1:o+BVF9zngMFnece2Vnwm9CQfD2jkc+FqgHTEDvHq5VA=
github.com/codemodify/systemkit-logging-extenders-withfields v1.7.9/go.mod h1:87sLx1lIijPBZ3FC2x32SvSzQtul2O1YoY4tUVy0pR4=
github.com/codemodify/systemkit-logging-formatters-timerfc3339nano v1.7.9 h1:rI/3phdmMGbJ9+KaAneVtzlQxBiiXiNEchfA1Id3yGg=
github.com/codemodify/systemkit-logging-formatters-timerfc3339nano v1.7.9/go.mod h1:kGlAfs3SUKV28spkKftzvPfTXH/2bhibdR6CNs4QxMk=
github.com/codemodify/systemkit-logging-mixers-async v1.7.9 h1:MYiZhgNp+3YOx9vQSK5S8OM+ze1arlsCCDCFUUlXWg8=
github.com/codemodify/systemkit-logging-mixers-async v1.7.9/go.mod h1:kXOhpGxikhzRn2LsblTUmpOsAECRNBkKER+L7syWK9k=
github.com/codemodify/systemkit-logging-mixers-buffered v1.7.9 h1:0ON/fkApXszX/hxpcS5ONNbzSJNotWWEIV/EVTLuX3g=
github.com/codemodify/systemkit-logging-mixers-buffered v1.7.9/go.mod h1:Is+YWgP5ZGdZ7qdBmEVQHKMPcYx5qiFpQ0IfgMQfm0g=
github.com/codemodify/systemkit-logging-mixers-multi v1.7.9 h1:zwMuwCaC9LmFNAB0isq86dZ8QuZ1aUKXoRHTzXsBwNg=
github.com/codemodify/systemkit-logging-mixers-multi v1.7.9/go.mod h1:E2KWXW+X08LKY8UTpVQiC+vPxRProOpnMziWQ0Tyj1M=
github.com/codemodify/systemkit-logging-persisters-console v1.7.9 h1:+Nw1QJhXmmFnPYdBIcXoH+z8WSaQ1JMHGu2gVv4QU7w=
github.com/codemodify/systemkit-logging-persisters-console v1.7.9/go.mod h1:m/pJeZt0MVnF96f1LVOhh1Wz6ggRMls23WDE2K5XPHM=
github.com/codemodify/systemkit-logging-persisters-file v1.7.9 h1:FlLINkxYpXvOTf2TDcFn8pMRSs0w8ydslKeqV26Ym8Q=
github.com/codemodify/systemkit-logging-persisters-file v1.7.9/go.mod h1:cJboaav3UBykX9Vfuu8/463ppdutjUYFNGcGIefRzK4=
github.com/mattn/go-colorable v0.1.6 h1:6Su7aK7lXmJ/U79bYtBjLNaha4Fs1Rg9plHpcH+vvnE=
github.com/mattn/go-colorable v0.1.6/go.mod h1:u6P/XSegPjTcexA+o6vUJrdnUu04hMope9wVRipJSqc=
github.com/mattn/go-isatty v0.0.12 h1:wuysRhFDzyxgEmMf5xjvJ2M9dZoWAXNNr5LSBS7uHXY=
github.com/mattn/go-isatty v0.0.12/go.mod h1:cbi8OIDigv2wuxKPP5vlRcQ1OAZbq2CE4Kysco4FUpU=
golang.org/x/sys v0.0.0-20200116001909-b77594299b42/go.mod h1:h1NjWce9XRLGQEsW7wpKNCjG9DtNlClVuFLEZdDNbEs=
golang.org/x/sys v0.0.0-20200223170610-d5e6a3e2c0ae/go.mod h1:h1NjWce9XRLGQEsW7wpKNCjG9DtNlClVuFLEZdDNbEs=
golang.org/x/sys v0.0.0-20200331124033-c3d80250170d h1:nc5K6ox/4lTFbMVSL9WRR81ixkcwXThoiF6yf+R9scA=
golang.org/x/sys v0.0.0-20200331124033-c3d80250170d/go.mod h1:h1NjWce9XRLGQEsW7wpKNCjG9DtNlClVuFLEZdDNbEs=
