github.com/codemodify/systemkit-logging v1.8.2 h1:mLirYlQSczNJVh61/Q300AsRJfzmGzqG+sydPxFtCU4=
github.com/codemodify/systemkit-logging v1.8.2/go.mod h1:29Zc9P/MnY2bgenJU9aoDszUef+Xf40b3ajtusTBC1Q=
github.com/codemodify/systemkit-logging-advanced v1.8.2 h1:ELfumirbGB/ucaudFG71uTEaToi4K65UnpSkInDjN9s=
github.com/codemodify/systemkit-logging-advanced v1.8.2/go.mod h1:vqt8G7sE5SE0Zxd6/70Rjl/NVooatNkTc55Fbspu3YY=
github.com/codemodify/systemkit-logging-extenders-withfields v1.8.2 h1:OIAce6mJIdBCLtaQ37ZpZwfUoLunqmHSLe/eqMUQ/AM=
github.com/codemodify/systemkit-logging-extenders-withfields v1.8.2/go.mod h1:ZcKTKOHIm9keQh9ClcXqL1IPdpzjlU1fDdtRcOAeg8k=
github.com/codemodify/systemkit-logging-formatters-timerfc3339nano v1.8.2 h1:Wn3Pz1jJP6YWa7+GDtZogkGv6V+IPFVcHJ71FrY6awE=
github.com/codemodify/systemkit-logging-formatters-timerfc3339nano v1.8.2/go.mod h1:Kh73knN9cIzuGUMWnUwmD3KNXQbZgOJSssJo+gfmAas=
github.com/codemodify/systemkit-logging-mixers-async v1.8.2 h1:rui05oP14z9XfQJt39IlU6CCVyFSTqjYb1AkoC41OKg=
github.com/codemodify/systemkit-logging-mixers-async v1.8.2/go.mod h1:n+xfXaErQ5fxwCOo9GBkhDe9qSBO49/c+VnlC0yT8Jc=
github.com/codemodify/systemkit-logging-mixers-buffered v1.8.2 h1:osg+tAbkS8tySNKX5ksceDVtBAHrrxEbk8FdVhKrNNI=
github.com/codemodify/systemkit-logging-mixers-buffered v1.8.2/go.mod h1:WTFyEqrUOnNtb6DlzAsYotduEAAul2F918+qaSwCotM=
github.com/codemodify/systemkit-logging-mixers-multi v1.8.2 h1:+KcCnmSa0JzftPUBgB/20GoEjzRr/8udFkPWcvwUHPY=
github.com/codemodify/systemkit-logging-mixers-multi v1.8.2/go.mod h1:+VqHZokA0nJKk4maNba8auIo3rfGwMo24OGWrfDFzyU=
github.com/codemodify/systemkit-logging-persisters-console v1.8.2 h1:4vHVIFI2+XK72eVQIf3p9RpvWOR3y9zEahxCyCDSB6I=
github.com/codemodify/systemkit-logging-persisters-console v1.8.2/go.mod h1:EC5CrqCejSXUw2k7rzrQLCn3q1DIbqG5Zy/UglGaC5o=
github.com/codemodify/systemkit-logging-persisters-consolewithcolors v1.8.2 h1:2ASM+qeoyfw6RtsrBda1ux92uu8W5JztLj9eNqLThf0=
github.com/codemodify/systemkit-logging-persisters-consolewithcolors v1.8.2/go.mod h1:cTqhTWD2UrPz0/jXrPf7nL9kowm9LkeaHl1Y/kpTxGg=
github.com/codemodify/systemkit-logging-persisters-file v1.8.2 h1:cVkGe355t6A3tJL+eP1sDGI3DsWt1+Pc3lZyl3/Ct90=
github.com/codemodify/systemkit-logging-persisters-file v1.8.2/go.mod h1:OxX0EYkbgAOwvdZTZjd19D2BwxzYvvzFNkiKfc00vn4=
github.com/codemodify/systemkit-logging-persisters-windowseventlog v1.8.2 h1:Kzepg1od2j8GOEqRiOkrLKIR91CnGV76vUfrI6z07M4=
github.com/codemodify/systemkit-logging-persisters-windowseventlog v1.8.2/go.mod h1:nqXscb73R3JtrQFpjwRSXkdlT4F5b5lX3XWPKMU0XNo=
github.com/mattn/go-colorable v0.1.6 h1:6Su7aK7lXmJ/U79bYtBjLNaha4Fs1Rg9plHpcH+vvnE=
github.com/mattn/go-colorable v0.1.6/go.mod h1:u6P/XSegPjTcexA+o6vUJrdnUu04hMope9wVRipJSqc=
github.com/mattn/go-isatty v0.0.12 h1:wuysRhFDzyxgEmMf5xjvJ2M9dZoWAXNNr5LSBS7uHXY=
github.com/mattn/go-isatty v0.0.12/go.mod h1:cbi8OIDigv2wuxKPP5vlRcQ1OAZbq2CE4Kysco4FUpU=
golang.org/x/sys v0.0.0-20200116001909-b77594299b42/go.mod h1:h1NjWce9XRLGQEsW7wpKNCjG9DtNlClVuFLEZdDNbEs=
golang.org/x/sys v0.0.0-20200223170610-d5e6a3e2c0ae/go.mod h1:h1NjWce9XRLGQEsW7wpKNCjG9DtNlClVuFLEZdDNbEs=
golang.org/x/sys v0.0.0-20200331124033-c3d80250170d h1:nc5K6ox/4lTFbMVSL9WRR81ixkcwXThoiF6yf+R9scA=
golang.org/x/sys v0.0.0-20200331124033-c3d80250170d/go.mod h1:h1NjWce9XRLGQEsW7wpKNCjG9DtNlClVuFLEZdDNbEs=
